// !$*UTF8*$!
{
	archiveVersion = 1;
	classes = {
	};
	objectVersion = 56;
	objects = {

/* Begin PBXBuildFile section */
		AAB07C9F2AAA194C00E54664 /* MotionRecordArchive.swift in Sources */ = {isa = PBXBuildFile; fileRef = AAB07C9E2AAA194C00E54664 /* MotionRecordArchive.swift */; };
		AAB07CA02AAA194C00E54664 /* MotionRecordArchive.swift in Sources */ = {isa = PBXBuildFile; fileRef = AAB07C9E2AAA194C00E54664 /* MotionRecordArchive.swift */; };
		AAC766F92AA94E87009EB396 /* Assets.xcassets in Resources */ = {isa = PBXBuildFile; fileRef = AAC766F82AA94E87009EB396 /* Assets.xcassets */; };
		AAC766FC2AA94E87009EB396 /* Preview Assets.xcassets in Resources */ = {isa = PBXBuildFile; fileRef = AAC766FB2AA94E87009EB396 /* Preview Assets.xcassets */; };
		AAC767022AA94E87009EB396 /* MotionCapture Watch App.app in Embed Watch Content */ = {isa = PBXBuildFile; fileRef = AAC767012AA94E87009EB396 /* MotionCapture Watch App.app */; settings = {ATTRIBUTES = (RemoveHeadersOnCopy, ); }; };
		AAC767072AA94E87009EB396 /* MotionCaptureApp.swift in Sources */ = {isa = PBXBuildFile; fileRef = AAC767062AA94E87009EB396 /* MotionCaptureApp.swift */; };
		AAC767092AA94E87009EB396 /* ContentView.swift in Sources */ = {isa = PBXBuildFile; fileRef = AAC767082AA94E87009EB396 /* ContentView.swift */; };
		AAC7670B2AA94E88009EB396 /* Assets.xcassets in Resources */ = {isa = PBXBuildFile; fileRef = AAC7670A2AA94E88009EB396 /* Assets.xcassets */; };
		AAC7670E2AA94E88009EB396 /* Preview Assets.xcassets in Resources */ = {isa = PBXBuildFile; fileRef = AAC7670D2AA94E88009EB396 /* Preview Assets.xcassets */; };
		AAC7671A2AA94EBF009EB396 /* MotionRecord.swift in Sources */ = {isa = PBXBuildFile; fileRef = AAC767192AA94EBF009EB396 /* MotionRecord.swift */; };
		AAC7671C2AA94F08009EB396 /* AccelerationRecord.swift in Sources */ = {isa = PBXBuildFile; fileRef = AAC7671B2AA94F08009EB396 /* AccelerationRecord.swift */; };
		AAC7671D2AA94F08009EB396 /* AccelerationRecord.swift in Sources */ = {isa = PBXBuildFile; fileRef = AAC7671B2AA94F08009EB396 /* AccelerationRecord.swift */; };
		AAC7671E2AA94F0D009EB396 /* MotionRecord.swift in Sources */ = {isa = PBXBuildFile; fileRef = AAC767192AA94EBF009EB396 /* MotionRecord.swift */; };
		AAC767202AA94F16009EB396 /* RotationRateRecord.swift in Sources */ = {isa = PBXBuildFile; fileRef = AAC7671F2AA94F16009EB396 /* RotationRateRecord.swift */; };
		AAC767212AA94F16009EB396 /* RotationRateRecord.swift in Sources */ = {isa = PBXBuildFile; fileRef = AAC7671F2AA94F16009EB396 /* RotationRateRecord.swift */; };
		AAC767232AA95202009EB396 /* PlottableRecord.swift in Sources */ = {isa = PBXBuildFile; fileRef = AAC767222AA95202009EB396 /* PlottableRecord.swift */; };
		AAC767242AA95202009EB396 /* PlottableRecord.swift in Sources */ = {isa = PBXBuildFile; fileRef = AAC767222AA95202009EB396 /* PlottableRecord.swift */; };
		AAC767272AA9558E009EB396 /* TransferableRecord.swift in Sources */ = {isa = PBXBuildFile; fileRef = AAC767262AA9558E009EB396 /* TransferableRecord.swift */; };
		AAC767282AA9558E009EB396 /* TransferableRecord.swift in Sources */ = {isa = PBXBuildFile; fileRef = AAC767262AA9558E009EB396 /* TransferableRecord.swift */; };
		AAC7672A2AA98D85009EB396 /* TransferableRecords.swift in Sources */ = {isa = PBXBuildFile; fileRef = AAC767292AA98D85009EB396 /* TransferableRecords.swift */; };
		AAC7672B2AA98D85009EB396 /* TransferableRecords.swift in Sources */ = {isa = PBXBuildFile; fileRef = AAC767292AA98D85009EB396 /* TransferableRecords.swift */; };
		AAC7672D2AA98DD6009EB396 /* MotionCaption.swift in Sources */ = {isa = PBXBuildFile; fileRef = AAC7672C2AA98DD6009EB396 /* MotionCaption.swift */; };
		AAC7672E2AA98DD6009EB396 /* MotionCaption.swift in Sources */ = {isa = PBXBuildFile; fileRef = AAC7672C2AA98DD6009EB396 /* MotionCaption.swift */; };
		AAC767312AA99EA0009EB396 /* StartView.swift in Sources */ = {isa = PBXBuildFile; fileRef = AAC7672F2AA99EA0009EB396 /* StartView.swift */; };
		AAC767332AA99EBC009EB396 /* CaptionSettings.swift in Sources */ = {isa = PBXBuildFile; fileRef = AAC767322AA99EBC009EB396 /* CaptionSettings.swift */; };
		AAC767342AA99EBC009EB396 /* CaptionSettings.swift in Sources */ = {isa = PBXBuildFile; fileRef = AAC767322AA99EBC009EB396 /* CaptionSettings.swift */; };
		AAC767362AA9A0B7009EB396 /* MotionRecordsView.swift in Sources */ = {isa = PBXBuildFile; fileRef = AAC767352AA9A0B7009EB396 /* MotionRecordsView.swift */; };
		AAC767372AA9A0B7009EB396 /* MotionRecordsView.swift in Sources */ = {isa = PBXBuildFile; fileRef = AAC767352AA9A0B7009EB396 /* MotionRecordsView.swift */; };
		AAC767392AA9A351009EB396 /* MotionCaptureManager.swift in Sources */ = {isa = PBXBuildFile; fileRef = AAC767382AA9A351009EB396 /* MotionCaptureManager.swift */; };
		AAC7673A2AA9A351009EB396 /* MotionCaptureManager.swift in Sources */ = {isa = PBXBuildFile; fileRef = AAC767382AA9A351009EB396 /* MotionCaptureManager.swift */; };
		AAC7673F2AA9A4DC009EB396 /* AccelerationMonitor.swift in Sources */ = {isa = PBXBuildFile; fileRef = AAC7673E2AA9A4DC009EB396 /* AccelerationMonitor.swift */; };
		AAC767402AA9A4DC009EB396 /* AccelerationMonitor.swift in Sources */ = {isa = PBXBuildFile; fileRef = AAC7673E2AA9A4DC009EB396 /* AccelerationMonitor.swift */; };
		AAC767422AA9A4E5009EB396 /* RotationRateMonitor.swift in Sources */ = {isa = PBXBuildFile; fileRef = AAC767412AA9A4E5009EB396 /* RotationRateMonitor.swift */; };
		AAC767432AA9A4E5009EB396 /* RotationRateMonitor.swift in Sources */ = {isa = PBXBuildFile; fileRef = AAC767412AA9A4E5009EB396 /* RotationRateMonitor.swift */; };
		AAC767442AA9A8E4009EB396 /* StartView.swift in Sources */ = {isa = PBXBuildFile; fileRef = AAC7672F2AA99EA0009EB396 /* StartView.swift */; };
		AAC767462AA9BAC1009EB396 /* ContentView.swift in Sources */ = {isa = PBXBuildFile; fileRef = AAC767082AA94E87009EB396 /* ContentView.swift */; };
		AAC767472AA9BB14009EB396 /* MotionCaptureApp.swift in Sources */ = {isa = PBXBuildFile; fileRef = AAC766F42AA94E86009EB396 /* MotionCaptureApp.swift */; };
		AAC7674C2AA9BD7C009EB396 /* MotionRecordDetailView.swift in Sources */ = {isa = PBXBuildFile; fileRef = AAC7674B2AA9BD7C009EB396 /* MotionRecordDetailView.swift */; };
		AAC7674D2AA9BD7C009EB396 /* MotionRecordDetailView.swift in Sources */ = {isa = PBXBuildFile; fileRef = AAC7674B2AA9BD7C009EB396 /* MotionRecordDetailView.swift */; };
/* End PBXBuildFile section */

/* Begin PBXContainerItemProxy section */
		AAC767032AA94E87009EB396 /* PBXContainerItemProxy */ = {
			isa = PBXContainerItemProxy;
			containerPortal = AAC766E92AA94E85009EB396 /* Project object */;
			proxyType = 1;
			remoteGlobalIDString = AAC767002AA94E87009EB396;
			remoteInfo = "MotionCapture Watch App";
		};
/* End PBXContainerItemProxy section */

/* Begin PBXCopyFilesBuildPhase section */
		AAC767142AA94E88009EB396 /* Embed Watch Content */ = {
			isa = PBXCopyFilesBuildPhase;
			buildActionMask = 2147483647;
			dstPath = "$(CONTENTS_FOLDER_PATH)/Watch";
			dstSubfolderSpec = 16;
			files = (
				AAC767022AA94E87009EB396 /* MotionCapture Watch App.app in Embed Watch Content */,
			);
			name = "Embed Watch Content";
			runOnlyForDeploymentPostprocessing = 0;
		};
/* End PBXCopyFilesBuildPhase section */

/* Begin PBXFileReference section */
		AAB07C9E2AAA194C00E54664 /* MotionRecordArchive.swift */ = {isa = PBXFileReference; lastKnownFileType = sourcecode.swift; path = MotionRecordArchive.swift; sourceTree = "<group>"; };
		AAC766F12AA94E86009EB396 /* MotionCapture.app */ = {isa = PBXFileReference; explicitFileType = wrapper.application; includeInIndex = 0; path = MotionCapture.app; sourceTree = BUILT_PRODUCTS_DIR; };
		AAC766F42AA94E86009EB396 /* MotionCaptureApp.swift */ = {isa = PBXFileReference; lastKnownFileType = sourcecode.swift; path = MotionCaptureApp.swift; sourceTree = "<group>"; };
		AAC766F82AA94E87009EB396 /* Assets.xcassets */ = {isa = PBXFileReference; lastKnownFileType = folder.assetcatalog; path = Assets.xcassets; sourceTree = "<group>"; };
		AAC766FB2AA94E87009EB396 /* Preview Assets.xcassets */ = {isa = PBXFileReference; lastKnownFileType = folder.assetcatalog; path = "Preview Assets.xcassets"; sourceTree = "<group>"; };
		AAC767012AA94E87009EB396 /* MotionCapture Watch App.app */ = {isa = PBXFileReference; explicitFileType = wrapper.application; includeInIndex = 0; path = "MotionCapture Watch App.app"; sourceTree = BUILT_PRODUCTS_DIR; };
		AAC767062AA94E87009EB396 /* MotionCaptureApp.swift */ = {isa = PBXFileReference; lastKnownFileType = sourcecode.swift; path = MotionCaptureApp.swift; sourceTree = "<group>"; };
		AAC767082AA94E87009EB396 /* ContentView.swift */ = {isa = PBXFileReference; lastKnownFileType = sourcecode.swift; path = ContentView.swift; sourceTree = "<group>"; };
		AAC7670A2AA94E88009EB396 /* Assets.xcassets */ = {isa = PBXFileReference; lastKnownFileType = folder.assetcatalog; path = Assets.xcassets; sourceTree = "<group>"; };
		AAC7670D2AA94E88009EB396 /* Preview Assets.xcassets */ = {isa = PBXFileReference; lastKnownFileType = folder.assetcatalog; path = "Preview Assets.xcassets"; sourceTree = "<group>"; };
		AAC767192AA94EBF009EB396 /* MotionRecord.swift */ = {isa = PBXFileReference; lastKnownFileType = sourcecode.swift; path = MotionRecord.swift; sourceTree = "<group>"; };
		AAC7671B2AA94F08009EB396 /* AccelerationRecord.swift */ = {isa = PBXFileReference; lastKnownFileType = sourcecode.swift; path = AccelerationRecord.swift; sourceTree = "<group>"; };
		AAC7671F2AA94F16009EB396 /* RotationRateRecord.swift */ = {isa = PBXFileReference; lastKnownFileType = sourcecode.swift; path = RotationRateRecord.swift; sourceTree = "<group>"; };
		AAC767222AA95202009EB396 /* PlottableRecord.swift */ = {isa = PBXFileReference; lastKnownFileType = sourcecode.swift; path = PlottableRecord.swift; sourceTree = "<group>"; };
		AAC767262AA9558E009EB396 /* TransferableRecord.swift */ = {isa = PBXFileReference; lastKnownFileType = sourcecode.swift; path = TransferableRecord.swift; sourceTree = "<group>"; };
		AAC767292AA98D85009EB396 /* TransferableRecords.swift */ = {isa = PBXFileReference; lastKnownFileType = sourcecode.swift; path = TransferableRecords.swift; sourceTree = "<group>"; };
		AAC7672C2AA98DD6009EB396 /* MotionCaption.swift */ = {isa = PBXFileReference; lastKnownFileType = sourcecode.swift; path = MotionCaption.swift; sourceTree = "<group>"; };
		AAC7672F2AA99EA0009EB396 /* StartView.swift */ = {isa = PBXFileReference; lastKnownFileType = sourcecode.swift; path = StartView.swift; sourceTree = "<group>"; };
		AAC767322AA99EBC009EB396 /* CaptionSettings.swift */ = {isa = PBXFileReference; lastKnownFileType = sourcecode.swift; path = CaptionSettings.swift; sourceTree = "<group>"; };
		AAC767352AA9A0B7009EB396 /* MotionRecordsView.swift */ = {isa = PBXFileReference; lastKnownFileType = sourcecode.swift; path = MotionRecordsView.swift; sourceTree = "<group>"; };
		AAC767382AA9A351009EB396 /* MotionCaptureManager.swift */ = {isa = PBXFileReference; lastKnownFileType = sourcecode.swift; path = MotionCaptureManager.swift; sourceTree = "<group>"; };
		AAC7673E2AA9A4DC009EB396 /* AccelerationMonitor.swift */ = {isa = PBXFileReference; lastKnownFileType = sourcecode.swift; path = AccelerationMonitor.swift; sourceTree = "<group>"; };
		AAC767412AA9A4E5009EB396 /* RotationRateMonitor.swift */ = {isa = PBXFileReference; lastKnownFileType = sourcecode.swift; path = RotationRateMonitor.swift; sourceTree = "<group>"; };
		AAC7674B2AA9BD7C009EB396 /* MotionRecordDetailView.swift */ = {isa = PBXFileReference; lastKnownFileType = sourcecode.swift; path = MotionRecordDetailView.swift; sourceTree = "<group>"; };
/* End PBXFileReference section */

/* Begin PBXFrameworksBuildPhase section */
		AAC766EE2AA94E85009EB396 /* Frameworks */ = {
			isa = PBXFrameworksBuildPhase;
			buildActionMask = 2147483647;
			files = (
			);
			runOnlyForDeploymentPostprocessing = 0;
		};
		AAC766FE2AA94E87009EB396 /* Frameworks */ = {
			isa = PBXFrameworksBuildPhase;
			buildActionMask = 2147483647;
			files = (
			);
			runOnlyForDeploymentPostprocessing = 0;
		};
/* End PBXFrameworksBuildPhase section */

/* Begin PBXGroup section */
		AAB07C9D2AAA057B00E54664 /* Controllers */ = {
			isa = PBXGroup;
			children = (
				AAC767382AA9A351009EB396 /* MotionCaptureManager.swift */,
			);
			path = Controllers;
			sourceTree = "<group>";
		};
		AAB07CA12AAA197000E54664 /* Transferable */ = {
			isa = PBXGroup;
			children = (
				AAC767262AA9558E009EB396 /* TransferableRecord.swift */,
				AAC767292AA98D85009EB396 /* TransferableRecords.swift */,
				AAB07C9E2AAA194C00E54664 /* MotionRecordArchive.swift */,
			);
			path = Transferable;
			sourceTree = "<group>";
		};
		AAC766E82AA94E85009EB396 = {
			isa = PBXGroup;
			children = (
				AAC767182AA94E9E009EB396 /* Shared */,
				AAC766F32AA94E86009EB396 /* MotionCapture */,
				AAC767052AA94E87009EB396 /* MotionCapture Watch App */,
				AAC766F22AA94E86009EB396 /* Products */,
			);
			sourceTree = "<group>";
		};
		AAC766F22AA94E86009EB396 /* Products */ = {
			isa = PBXGroup;
			children = (
				AAC766F12AA94E86009EB396 /* MotionCapture.app */,
				AAC767012AA94E87009EB396 /* MotionCapture Watch App.app */,
			);
			name = Products;
			sourceTree = "<group>";
		};
		AAC766F32AA94E86009EB396 /* MotionCapture */ = {
			isa = PBXGroup;
			children = (
				AAC766F42AA94E86009EB396 /* MotionCaptureApp.swift */,
				AAC766F82AA94E87009EB396 /* Assets.xcassets */,
				AAC766FA2AA94E87009EB396 /* Preview Content */,
			);
			path = MotionCapture;
			sourceTree = "<group>";
		};
		AAC766FA2AA94E87009EB396 /* Preview Content */ = {
			isa = PBXGroup;
			children = (
				AAC766FB2AA94E87009EB396 /* Preview Assets.xcassets */,
			);
			path = "Preview Content";
			sourceTree = "<group>";
		};
		AAC767052AA94E87009EB396 /* MotionCapture Watch App */ = {
			isa = PBXGroup;
			children = (
				AAC767062AA94E87009EB396 /* MotionCaptureApp.swift */,
				AAC7670A2AA94E88009EB396 /* Assets.xcassets */,
				AAC7670C2AA94E88009EB396 /* Preview Content */,
			);
			path = "MotionCapture Watch App";
			sourceTree = "<group>";
		};
		AAC7670C2AA94E88009EB396 /* Preview Content */ = {
			isa = PBXGroup;
			children = (
				AAC7670D2AA94E88009EB396 /* Preview Assets.xcassets */,
			);
			path = "Preview Content";
			sourceTree = "<group>";
		};
		AAC767182AA94E9E009EB396 /* Shared */ = {
			isa = PBXGroup;
			children = (
				AAC767482AA9BB3F009EB396 /* Views */,
				AAC767252AA95508009EB396 /* Models */,
				AAB07C9D2AAA057B00E54664 /* Controllers */,
			);
			path = Shared;
			sourceTree = "<group>";
		};
		AAC767252AA95508009EB396 /* Models */ = {
			isa = PBXGroup;
			children = (
				AAC7672C2AA98DD6009EB396 /* MotionCaption.swift */,
				AAC767192AA94EBF009EB396 /* MotionRecord.swift */,
				AAC7671B2AA94F08009EB396 /* AccelerationRecord.swift */,
				AAC7671F2AA94F16009EB396 /* RotationRateRecord.swift */,
				AAC767222AA95202009EB396 /* PlottableRecord.swift */,
				AAB07CA12AAA197000E54664 /* Transferable */,
			);
			path = Models;
			sourceTree = "<group>";
		};
		AAC767482AA9BB3F009EB396 /* Views */ = {
			isa = PBXGroup;
			children = (
				AAC767082AA94E87009EB396 /* ContentView.swift */,
				AAC767492AA9BD5D009EB396 /* Start Now */,
				AAC7674A2AA9BD68009EB396 /* Records */,
			);
			path = Views;
			sourceTree = "<group>";
		};
		AAC767492AA9BD5D009EB396 /* Start Now */ = {
			isa = PBXGroup;
			children = (
				AAC7672F2AA99EA0009EB396 /* StartView.swift */,
				AAC767322AA99EBC009EB396 /* CaptionSettings.swift */,
				AAC7673E2AA9A4DC009EB396 /* AccelerationMonitor.swift */,
				AAC767412AA9A4E5009EB396 /* RotationRateMonitor.swift */,
			);
			path = "Start Now";
			sourceTree = "<group>";
		};
		AAC7674A2AA9BD68009EB396 /* Records */ = {
			isa = PBXGroup;
			children = (
				AAC767352AA9A0B7009EB396 /* MotionRecordsView.swift */,
				AAC7674B2AA9BD7C009EB396 /* MotionRecordDetailView.swift */,
			);
			path = Records;
			sourceTree = "<group>";
		};
/* End PBXGroup section */

/* Begin PBXNativeTarget section */
		AAC766F02AA94E85009EB396 /* MotionCapture */ = {
			isa = PBXNativeTarget;
			buildConfigurationList = AAC767152AA94E88009EB396 /* Build configuration list for PBXNativeTarget "MotionCapture" */;
			buildPhases = (
				AAC766ED2AA94E85009EB396 /* Sources */,
				AAC766EE2AA94E85009EB396 /* Frameworks */,
				AAC766EF2AA94E85009EB396 /* Resources */,
				AAC767142AA94E88009EB396 /* Embed Watch Content */,
			);
			buildRules = (
			);
			dependencies = (
				AAC767042AA94E87009EB396 /* PBXTargetDependency */,
			);
			name = MotionCapture;
			productName = MotionCapture;
			productReference = AAC766F12AA94E86009EB396 /* MotionCapture.app */;
			productType = "com.apple.product-type.application";
		};
		AAC767002AA94E87009EB396 /* MotionCapture Watch App */ = {
			isa = PBXNativeTarget;
			buildConfigurationList = AAC767112AA94E88009EB396 /* Build configuration list for PBXNativeTarget "MotionCapture Watch App" */;
			buildPhases = (
				AAC766FD2AA94E87009EB396 /* Sources */,
				AAC766FE2AA94E87009EB396 /* Frameworks */,
				AAC766FF2AA94E87009EB396 /* Resources */,
			);
			buildRules = (
			);
			dependencies = (
			);
			name = "MotionCapture Watch App";
			productName = "MotionCapture Watch App";
			productReference = AAC767012AA94E87009EB396 /* MotionCapture Watch App.app */;
			productType = "com.apple.product-type.application";
		};
/* End PBXNativeTarget section */

/* Begin PBXProject section */
		AAC766E92AA94E85009EB396 /* Project object */ = {
			isa = PBXProject;
			attributes = {
				BuildIndependentTargetsInParallel = 1;
				LastSwiftUpdateCheck = 1500;
				LastUpgradeCheck = 1500;
				TargetAttributes = {
					AAC766F02AA94E85009EB396 = {
						CreatedOnToolsVersion = 15.0;
					};
					AAC767002AA94E87009EB396 = {
						CreatedOnToolsVersion = 15.0;
					};
				};
			};
			buildConfigurationList = AAC766EC2AA94E85009EB396 /* Build configuration list for PBXProject "MotionCapture" */;
			compatibilityVersion = "Xcode 14.0";
			developmentRegion = en;
			hasScannedForEncodings = 0;
			knownRegions = (
				en,
				Base,
			);
			mainGroup = AAC766E82AA94E85009EB396;
			productRefGroup = AAC766F22AA94E86009EB396 /* Products */;
			projectDirPath = "";
			projectRoot = "";
			targets = (
				AAC766F02AA94E85009EB396 /* MotionCapture */,
				AAC767002AA94E87009EB396 /* MotionCapture Watch App */,
			);
		};
/* End PBXProject section */

/* Begin PBXResourcesBuildPhase section */
		AAC766EF2AA94E85009EB396 /* Resources */ = {
			isa = PBXResourcesBuildPhase;
			buildActionMask = 2147483647;
			files = (
				AAC766FC2AA94E87009EB396 /* Preview Assets.xcassets in Resources */,
				AAC766F92AA94E87009EB396 /* Assets.xcassets in Resources */,
			);
			runOnlyForDeploymentPostprocessing = 0;
		};
		AAC766FF2AA94E87009EB396 /* Resources */ = {
			isa = PBXResourcesBuildPhase;
			buildActionMask = 2147483647;
			files = (
				AAC7670E2AA94E88009EB396 /* Preview Assets.xcassets in Resources */,
				AAC7670B2AA94E88009EB396 /* Assets.xcassets in Resources */,
			);
			runOnlyForDeploymentPostprocessing = 0;
		};
/* End PBXResourcesBuildPhase section */

/* Begin PBXSourcesBuildPhase section */
		AAC766ED2AA94E85009EB396 /* Sources */ = {
			isa = PBXSourcesBuildPhase;
			buildActionMask = 2147483647;
			files = (
				AAC7671C2AA94F08009EB396 /* AccelerationRecord.swift in Sources */,
				AAC767332AA99EBC009EB396 /* CaptionSettings.swift in Sources */,
				AAC767272AA9558E009EB396 /* TransferableRecord.swift in Sources */,
				AAC767232AA95202009EB396 /* PlottableRecord.swift in Sources */,
				AAC7671A2AA94EBF009EB396 /* MotionRecord.swift in Sources */,
				AAB07C9F2AAA194C00E54664 /* MotionRecordArchive.swift in Sources */,
				AAC767442AA9A8E4009EB396 /* StartView.swift in Sources */,
				AAC767202AA94F16009EB396 /* RotationRateRecord.swift in Sources */,
				AAC767392AA9A351009EB396 /* MotionCaptureManager.swift in Sources */,
				AAC767362AA9A0B7009EB396 /* MotionRecordsView.swift in Sources */,
				AAC767422AA9A4E5009EB396 /* RotationRateMonitor.swift in Sources */,
				AAC7674C2AA9BD7C009EB396 /* MotionRecordDetailView.swift in Sources */,
				AAC7672A2AA98D85009EB396 /* TransferableRecords.swift in Sources */,
				AAC767462AA9BAC1009EB396 /* ContentView.swift in Sources */,
				AAC767472AA9BB14009EB396 /* MotionCaptureApp.swift in Sources */,
				AAC7673F2AA9A4DC009EB396 /* AccelerationMonitor.swift in Sources */,
				AAC7672D2AA98DD6009EB396 /* MotionCaption.swift in Sources */,
			);
			runOnlyForDeploymentPostprocessing = 0;
		};
		AAC766FD2AA94E87009EB396 /* Sources */ = {
			isa = PBXSourcesBuildPhase;
			buildActionMask = 2147483647;
			files = (
				AAC767092AA94E87009EB396 /* ContentView.swift in Sources */,
				AAC767312AA99EA0009EB396 /* StartView.swift in Sources */,
				AAC7671D2AA94F08009EB396 /* AccelerationRecord.swift in Sources */,
				AAC767342AA99EBC009EB396 /* CaptionSettings.swift in Sources */,
				AAC767282AA9558E009EB396 /* TransferableRecord.swift in Sources */,
				AAB07CA02AAA194C00E54664 /* MotionRecordArchive.swift in Sources */,
				AAC767242AA95202009EB396 /* PlottableRecord.swift in Sources */,
				AAC7671E2AA94F0D009EB396 /* MotionRecord.swift in Sources */,
				AAC767212AA94F16009EB396 /* RotationRateRecord.swift in Sources */,
				AAC767072AA94E87009EB396 /* MotionCaptureApp.swift in Sources */,
				AAC7673A2AA9A351009EB396 /* MotionCaptureManager.swift in Sources */,
				AAC7674D2AA9BD7C009EB396 /* MotionRecordDetailView.swift in Sources */,
				AAC767372AA9A0B7009EB396 /* MotionRecordsView.swift in Sources */,
				AAC767432AA9A4E5009EB396 /* RotationRateMonitor.swift in Sources */,
				AAC7672B2AA98D85009EB396 /* TransferableRecords.swift in Sources */,
				AAC767402AA9A4DC009EB396 /* AccelerationMonitor.swift in Sources */,
				AAC7672E2AA98DD6009EB396 /* MotionCaption.swift in Sources */,
			);
			runOnlyForDeploymentPostprocessing = 0;
		};
/* End PBXSourcesBuildPhase section */

/* Begin PBXTargetDependency section */
		AAC767042AA94E87009EB396 /* PBXTargetDependency */ = {
			isa = PBXTargetDependency;
			target = AAC767002AA94E87009EB396 /* MotionCapture Watch App */;
			targetProxy = AAC767032AA94E87009EB396 /* PBXContainerItemProxy */;
		};
/* End PBXTargetDependency section */

/* Begin XCBuildConfiguration section */
		AAC7670F2AA94E88009EB396 /* Debug */ = {
			isa = XCBuildConfiguration;
			buildSettings = {
				ALWAYS_SEARCH_USER_PATHS = NO;
				ASSETCATALOG_COMPILER_GENERATE_SWIFT_ASSET_SYMBOL_EXTENSIONS = YES;
				CLANG_ANALYZER_NONNULL = YES;
				CLANG_ANALYZER_NUMBER_OBJECT_CONVERSION = YES_AGGRESSIVE;
				CLANG_CXX_LANGUAGE_STANDARD = "gnu++20";
				CLANG_ENABLE_MODULES = YES;
				CLANG_ENABLE_OBJC_ARC = YES;
				CLANG_ENABLE_OBJC_WEAK = YES;
				CLANG_WARN_BLOCK_CAPTURE_AUTORELEASING = YES;
				CLANG_WARN_BOOL_CONVERSION = YES;
				CLANG_WARN_COMMA = YES;
				CLANG_WARN_CONSTANT_CONVERSION = YES;
				CLANG_WARN_DEPRECATED_OBJC_IMPLEMENTATIONS = YES;
				CLANG_WARN_DIRECT_OBJC_ISA_USAGE = YES_ERROR;
				CLANG_WARN_DOCUMENTATION_COMMENTS = YES;
				CLANG_WARN_EMPTY_BODY = YES;
				CLANG_WARN_ENUM_CONVERSION = YES;
				CLANG_WARN_INFINITE_RECURSION = YES;
				CLANG_WARN_INT_CONVERSION = YES;
				CLANG_WARN_NON_LITERAL_NULL_CONVERSION = YES;
				CLANG_WARN_OBJC_IMPLICIT_RETAIN_SELF = YES;
				CLANG_WARN_OBJC_LITERAL_CONVERSION = YES;
				CLANG_WARN_OBJC_ROOT_CLASS = YES_ERROR;
				CLANG_WARN_QUOTED_INCLUDE_IN_FRAMEWORK_HEADER = YES;
				CLANG_WARN_RANGE_LOOP_ANALYSIS = YES;
				CLANG_WARN_STRICT_PROTOTYPES = YES;
				CLANG_WARN_SUSPICIOUS_MOVE = YES;
				CLANG_WARN_UNGUARDED_AVAILABILITY = YES_AGGRESSIVE;
				CLANG_WARN_UNREACHABLE_CODE = YES;
				CLANG_WARN__DUPLICATE_METHOD_MATCH = YES;
				COPY_PHASE_STRIP = NO;
				DEBUG_INFORMATION_FORMAT = dwarf;
				ENABLE_STRICT_OBJC_MSGSEND = YES;
				ENABLE_TESTABILITY = YES;
				ENABLE_USER_SCRIPT_SANDBOXING = YES;
				GCC_C_LANGUAGE_STANDARD = gnu17;
				GCC_DYNAMIC_NO_PIC = NO;
				GCC_NO_COMMON_BLOCKS = YES;
				GCC_OPTIMIZATION_LEVEL = 0;
				GCC_PREPROCESSOR_DEFINITIONS = (
					"DEBUG=1",
					"$(inherited)",
				);
				GCC_WARN_64_TO_32_BIT_CONVERSION = YES;
				GCC_WARN_ABOUT_RETURN_TYPE = YES_ERROR;
				GCC_WARN_UNDECLARED_SELECTOR = YES;
				GCC_WARN_UNINITIALIZED_AUTOS = YES_AGGRESSIVE;
				GCC_WARN_UNUSED_FUNCTION = YES;
				GCC_WARN_UNUSED_VARIABLE = YES;
				LOCALIZATION_PREFERS_STRING_CATALOGS = YES;
				MTL_ENABLE_DEBUG_INFO = INCLUDE_SOURCE;
				MTL_FAST_MATH = YES;
				ONLY_ACTIVE_ARCH = YES;
				SWIFT_ACTIVE_COMPILATION_CONDITIONS = "DEBUG $(inherited)";
				SWIFT_OPTIMIZATION_LEVEL = "-Onone";
			};
			name = Debug;
		};
		AAC767102AA94E88009EB396 /* Release */ = {
			isa = XCBuildConfiguration;
			buildSettings = {
				ALWAYS_SEARCH_USER_PATHS = NO;
				ASSETCATALOG_COMPILER_GENERATE_SWIFT_ASSET_SYMBOL_EXTENSIONS = YES;
				CLANG_ANALYZER_NONNULL = YES;
				CLANG_ANALYZER_NUMBER_OBJECT_CONVERSION = YES_AGGRESSIVE;
				CLANG_CXX_LANGUAGE_STANDARD = "gnu++20";
				CLANG_ENABLE_MODULES = YES;
				CLANG_ENABLE_OBJC_ARC = YES;
				CLANG_ENABLE_OBJC_WEAK = YES;
				CLANG_WARN_BLOCK_CAPTURE_AUTORELEASING = YES;
				CLANG_WARN_BOOL_CONVERSION = YES;
				CLANG_WARN_COMMA = YES;
				CLANG_WARN_CONSTANT_CONVERSION = YES;
				CLANG_WARN_DEPRECATED_OBJC_IMPLEMENTATIONS = YES;
				CLANG_WARN_DIRECT_OBJC_ISA_USAGE = YES_ERROR;
				CLANG_WARN_DOCUMENTATION_COMMENTS = YES;
				CLANG_WARN_EMPTY_BODY = YES;
				CLANG_WARN_ENUM_CONVERSION = YES;
				CLANG_WARN_INFINITE_RECURSION = YES;
				CLANG_WARN_INT_CONVERSION = YES;
				CLANG_WARN_NON_LITERAL_NULL_CONVERSION = YES;
				CLANG_WARN_OBJC_IMPLICIT_RETAIN_SELF = YES;
				CLANG_WARN_OBJC_LITERAL_CONVERSION = YES;
				CLANG_WARN_OBJC_ROOT_CLASS = YES_ERROR;
				CLANG_WARN_QUOTED_INCLUDE_IN_FRAMEWORK_HEADER = YES;
				CLANG_WARN_RANGE_LOOP_ANALYSIS = YES;
				CLANG_WARN_STRICT_PROTOTYPES = YES;
				CLANG_WARN_SUSPICIOUS_MOVE = YES;
				CLANG_WARN_UNGUARDED_AVAILABILITY = YES_AGGRESSIVE;
				CLANG_WARN_UNREACHABLE_CODE = YES;
				CLANG_WARN__DUPLICATE_METHOD_MATCH = YES;
				COPY_PHASE_STRIP = NO;
				DEBUG_INFORMATION_FORMAT = "dwarf-with-dsym";
				ENABLE_NS_ASSERTIONS = NO;
				ENABLE_STRICT_OBJC_MSGSEND = YES;
				ENABLE_USER_SCRIPT_SANDBOXING = YES;
				GCC_C_LANGUAGE_STANDARD = gnu17;
				GCC_NO_COMMON_BLOCKS = YES;
				GCC_WARN_64_TO_32_BIT_CONVERSION = YES;
				GCC_WARN_ABOUT_RETURN_TYPE = YES_ERROR;
				GCC_WARN_UNDECLARED_SELECTOR = YES;
				GCC_WARN_UNINITIALIZED_AUTOS = YES_AGGRESSIVE;
				GCC_WARN_UNUSED_FUNCTION = YES;
				GCC_WARN_UNUSED_VARIABLE = YES;
				LOCALIZATION_PREFERS_STRING_CATALOGS = YES;
				MTL_ENABLE_DEBUG_INFO = NO;
				MTL_FAST_MATH = YES;
				SWIFT_COMPILATION_MODE = wholemodule;
			};
			name = Release;
		};
		AAC767122AA94E88009EB396 /* Debug */ = {
			isa = XCBuildConfiguration;
			buildSettings = {
				ASSETCATALOG_COMPILER_APPICON_NAME = AppIcon;
				ASSETCATALOG_COMPILER_GLOBAL_ACCENT_COLOR_NAME = AccentColor;
				CODE_SIGN_STYLE = Automatic;
				CURRENT_PROJECT_VERSION = 1;
				DEVELOPMENT_ASSET_PATHS = "\"MotionCapture Watch App/Preview Content\"";
				DEVELOPMENT_TEAM = 8GYXTCSZPZ;
				ENABLE_PREVIEWS = YES;
				GENERATE_INFOPLIST_FILE = YES;
				INFOPLIST_KEY_CFBundleDisplayName = MotionCapture;
				INFOPLIST_KEY_UISupportedInterfaceOrientations = "UIInterfaceOrientationPortrait UIInterfaceOrientationPortraitUpsideDown";
				INFOPLIST_KEY_WKCompanionAppBundleIdentifier = com.stv.x.MotionCapture;
				INFOPLIST_KEY_WKRunsIndependentlyOfCompanionApp = YES;
				LD_RUNPATH_SEARCH_PATHS = (
					"$(inherited)",
					"@executable_path/Frameworks",
				);
				MARKETING_VERSION = 1.0;
				PRODUCT_BUNDLE_IDENTIFIER = com.stv.x.MotionCapture.watchkitapp;
				PRODUCT_NAME = "$(TARGET_NAME)";
				SDKROOT = watchos;
				SKIP_INSTALL = YES;
				SWIFT_EMIT_LOC_STRINGS = YES;
				SWIFT_VERSION = 5.0;
				TARGETED_DEVICE_FAMILY = 4;
				WATCHOS_DEPLOYMENT_TARGET = 10.0;
			};
			name = Debug;
		};
		AAC767132AA94E88009EB396 /* Release */ = {
			isa = XCBuildConfiguration;
			buildSettings = {
				ASSETCATALOG_COMPILER_APPICON_NAME = AppIcon;
				ASSETCATALOG_COMPILER_GLOBAL_ACCENT_COLOR_NAME = AccentColor;
				CODE_SIGN_STYLE = Automatic;
				CURRENT_PROJECT_VERSION = 1;
				DEVELOPMENT_ASSET_PATHS = "\"MotionCapture Watch App/Preview Content\"";
				DEVELOPMENT_TEAM = 8GYXTCSZPZ;
				ENABLE_PREVIEWS = YES;
				GENERATE_INFOPLIST_FILE = YES;
				INFOPLIST_KEY_CFBundleDisplayName = MotionCapture;
				INFOPLIST_KEY_UISupportedInterfaceOrientations = "UIInterfaceOrientationPortrait UIInterfaceOrientationPortraitUpsideDown";
				INFOPLIST_KEY_WKCompanionAppBundleIdentifier = com.stv.x.MotionCapture;
				INFOPLIST_KEY_WKRunsIndependentlyOfCompanionApp = YES;
				LD_RUNPATH_SEARCH_PATHS = (
					"$(inherited)",
					"@executable_path/Frameworks",
				);
				MARKETING_VERSION = 1.0;
				PRODUCT_BUNDLE_IDENTIFIER = com.stv.x.MotionCapture.watchkitapp;
				PRODUCT_NAME = "$(TARGET_NAME)";
				SDKROOT = watchos;
				SKIP_INSTALL = YES;
				SWIFT_EMIT_LOC_STRINGS = YES;
				SWIFT_VERSION = 5.0;
				TARGETED_DEVICE_FAMILY = 4;
				VALIDATE_PRODUCT = YES;
				WATCHOS_DEPLOYMENT_TARGET = 10.0;
			};
			name = Release;
		};
		AAC767162AA94E88009EB396 /* Debug */ = {
			isa = XCBuildConfiguration;
			buildSettings = {
				ALWAYS_EMBED_SWIFT_STANDARD_LIBRARIES = YES;
				ASSETCATALOG_COMPILER_APPICON_NAME = AppIcon;
				ASSETCATALOG_COMPILER_GLOBAL_ACCENT_COLOR_NAME = AccentColor;
				CODE_SIGN_STYLE = Automatic;
				CURRENT_PROJECT_VERSION = 1;
				DEVELOPMENT_ASSET_PATHS = "\"MotionCapture/Preview Content\"";
				DEVELOPMENT_TEAM = 8GYXTCSZPZ;
				ENABLE_PREVIEWS = YES;
				GENERATE_INFOPLIST_FILE = YES;
				INFOPLIST_KEY_CFBundleDisplayName = MotionCapture;
				INFOPLIST_KEY_UIApplicationSceneManifest_Generation = YES;
				INFOPLIST_KEY_UIApplicationSupportsIndirectInputEvents = YES;
				INFOPLIST_KEY_UILaunchScreen_Generation = YES;
				INFOPLIST_KEY_UISupportedInterfaceOrientations_iPad = "UIInterfaceOrientationPortrait UIInterfaceOrientationPortraitUpsideDown UIInterfaceOrientationLandscapeLeft UIInterfaceOrientationLandscapeRight";
				INFOPLIST_KEY_UISupportedInterfaceOrientations_iPhone = "UIInterfaceOrientationPortrait UIInterfaceOrientationLandscapeLeft UIInterfaceOrientationLandscapeRight";
				IPHONEOS_DEPLOYMENT_TARGET = 17.0;
				LD_RUNPATH_SEARCH_PATHS = (
					"$(inherited)",
					"@executable_path/Frameworks",
				);
				MARKETING_VERSION = 1.0;
				PRODUCT_BUNDLE_IDENTIFIER = com.stv.x.MotionCapture;
				PRODUCT_NAME = "$(TARGET_NAME)";
				SDKROOT = iphoneos;
				SWIFT_EMIT_LOC_STRINGS = YES;
				SWIFT_VERSION = 5.0;
				TARGETED_DEVICE_FAMILY = "1,2";
			};
			name = Debug;
		};
		AAC767172AA94E88009EB396 /* Release */ = {
			isa = XCBuildConfiguration;
			buildSettings = {
				ALWAYS_EMBED_SWIFT_STANDARD_LIBRARIES = YES;
				ASSETCATALOG_COMPILER_APPICON_NAME = AppIcon;
				ASSETCATALOG_COMPILER_GLOBAL_ACCENT_COLOR_NAME = AccentColor;
				CODE_SIGN_STYLE = Automatic;
				CURRENT_PROJECT_VERSION = 1;
				DEVELOPMENT_ASSET_PATHS = "\"MotionCapture/Preview Content\"";
				DEVELOPMENT_TEAM = 8GYXTCSZPZ;
				ENABLE_PREVIEWS = YES;
				GENERATE_INFOPLIST_FILE = YES;
				INFOPLIST_KEY_CFBundleDisplayName = MotionCapture;
				INFOPLIST_KEY_UIApplicationSceneManifest_Generation = YES;
				INFOPLIST_KEY_UIApplicationSupportsIndirectInputEvents = YES;
				INFOPLIST_KEY_UILaunchScreen_Generation = YES;
				INFOPLIST_KEY_UISupportedInterfaceOrientations_iPad = "UIInterfaceOrientationPortrait UIInterfaceOrientationPortraitUpsideDown UIInterfaceOrientationLandscapeLeft UIInterfaceOrientationLandscapeRight";
				INFOPLIST_KEY_UISupportedInterfaceOrientations_iPhone = "UIInterfaceOrientationPortrait UIInterfaceOrientationLandscapeLeft UIInterfaceOrientationLandscapeRight";
				IPHONEOS_DEPLOYMENT_TARGET = 17.0;
				LD_RUNPATH_SEARCH_PATHS = (
					"$(inherited)",
					"@executable_path/Frameworks",
				);
				MARKETING_VERSION = 1.0;
				PRODUCT_BUNDLE_IDENTIFIER = com.stv.x.MotionCapture;
				PRODUCT_NAME = "$(TARGET_NAME)";
				SDKROOT = iphoneos;
				SWIFT_EMIT_LOC_STRINGS = YES;
				SWIFT_VERSION = 5.0;
				TARGETED_DEVICE_FAMILY = "1,2";
				VALIDATE_PRODUCT = YES;
			};
			name = Release;
		};
/* End XCBuildConfiguration section */

/* Begin XCConfigurationList section */
		AAC766EC2AA94E85009EB396 /* Build configuration list for PBXProject "MotionCapture" */ = {
			isa = XCConfigurationList;
			buildConfigurations = (
				AAC7670F2AA94E88009EB396 /* Debug */,
				AAC767102AA94E88009EB396 /* Release */,
			);
			defaultConfigurationIsVisible = 0;
			defaultConfigurationName = Release;
		};
		AAC767112AA94E88009EB396 /* Build configuration list for PBXNativeTarget "MotionCapture Watch App" */ = {
			isa = XCConfigurationList;
			buildConfigurations = (
				AAC767122AA94E88009EB396 /* Debug */,
				AAC767132AA94E88009EB396 /* Release */,
			);
			defaultConfigurationIsVisible = 0;
			defaultConfigurationName = Release;
		};
		AAC767152AA94E88009EB396 /* Build configuration list for PBXNativeTarget "MotionCapture" */ = {
			isa = XCConfigurationList;
			buildConfigurations = (
				AAC767162AA94E88009EB396 /* Debug */,
				AAC767172AA94E88009EB396 /* Release */,
			);
			defaultConfigurationIsVisible = 0;
			defaultConfigurationName = Release;
		};
/* End XCConfigurationList section */
	};
	rootObject = AAC766E92AA94E85009EB396 /* Project object */;
}
